
Microsoft Visual Studio Solution File, Format Version 12.00
# Visual Studio 2013
VisualStudioVersion = 12.0.31101.0
MinimumVisualStudioVersion = 10.0.40219.1
Project("{FAE04EC0-301F-11D3-BF4B-00C04F79EFBC}") = "MySql.Server", "MySql.Server\MySql.Server.csproj", "{983C634C-28A0-4447-96CF-4839051A92ED}"
EndProject
Project("{2150E333-8FDC-42A3-9474-1A3956D46DE8}") = ".nuget", ".nuget", "{19FF3372-E8B3-404B-B1CA-1DC94189C32E}"
	ProjectSection(SolutionItems) = preProject
		.nuget\packages.config = .nuget\packages.config
	EndProjectSection
EndProject
Project("{FAE04EC0-301F-11D3-BF4B-00C04F79EFBC}") = "MySql.Server.Tests", "MySql.Server.Tests\MySql.Server.Tests.csproj", "{8BEB4F3C-4591-4FCE-BBB4-ED90656FB997}"
EndProject
Global
	GlobalSection(SolutionConfigurationPlatforms) = preSolution
		Debug|Any CPU = Debug|Any CPU
		Release|Any CPU = Release|Any CPU
	EndGlobalSection
	GlobalSection(ProjectConfigurationPlatforms) = postSolution
		{983C634C-28A0-4447-96CF-4839051A92ED}.Debug|Any CPU.ActiveCfg = Release|Any CPU
		{983C634C-28A0-4447-96CF-4839051A92ED}.Debug|Any CPU.Build.0 = Release|Any CPU
		{983C634C-28A0-4447-96CF-4839051A92ED}.Release|Any CPU.ActiveCfg = Release|Any CPU
		{983C634C-28A0-4447-96CF-4839051A92ED}.Release|Any CPU.Build.0 = Release|Any CPU
		{8BEB4F3C-4591-4FCE-BBB4-ED90656FB997}.Debug|Any CPU.ActiveCfg = Debug|Any CPU
		{8BEB4F3C-4591-4FCE-BBB4-ED90656FB997}.Debug|Any CPU.Build.0 = Debug|Any CPU
		{8BEB4F3C-4591-4FCE-BBB4-ED90656FB997}.Release|Any CPU.ActiveCfg = Release|Any CPU
		{8BEB4F3C-4591-4FCE-BBB4-ED90656FB997}.Release|Any CPU.Build.0 = Release|Any CPU
	EndGlobalSection
	GlobalSection(SolutionProperties) = preSolution
		HideSolutionNode = FALSE
	EndGlobalSection
EndGlobal
